{
  "name": "fruit-pop",
  "lockfileVersion": 3,
  "requires": true,
  "packages": {
    "": {
      "name": "fruit-pop",
      "dependencies": {
        "@dn-sdk/minigame": "^1.5.11"
      }
    },
    "node_modules/@dn-sdk/minigame": {
      "version": "1.5.11",
      "resolved": "https://registry.npmjs.org/@dn-sdk/minigame/-/minigame-1.5.11.tgz",
      "integrity": "sha512-LK6AO4cmgSN2SIhB8ekVM3BLHlOPTFxWBdzPPlbytlIICD4rpTMEgOi7mPHDYYJ+3+5lRKk8EKCN1kIUj+TaNA==",
      "license": "ISC"
    }
  }
}
